# This file is generated by running "yarn install" inside your project.
# Manual changes might be lost - proceed with caution!

__metadata:
  version: 8
  cacheKey: 10c0

"@emnapi/core@npm:1.10.0":
  version: 1.10.0
  resolution: "@emnapi/core@npm:1.10.0"
  dependencies:
    "@emnapi/wasi-threads": "npm:1.2.1"
    tslib: "npm:^2.4.0"
  checksum: 10c0/f51d08227857b60632de7714d708124f0e100a1462dde6df8221760939aa3204a73193830371830fac0716f3ccd2129f2cac1b17cd7d7958bc4da9018a296edb
  languageName: node
  linkType: hard

"@emnapi/runtime@npm:1.10.0":
  version: 1.10.0
  resolution: "@emnapi/runtime@npm:1.10.0"
  dependencies:
    tslib: "npm:^2.4.0"
  checksum: 10c0/953f14991d1aefb92ee6f8eb27dea725e484791a53a0cb5f47d9e0087b9a2c929ff2e92adf95af15d6ad456db6300c6b761ebf72b50a875b874a83520b3ba093
  languageName: node
  linkType: hard

"@emnapi/wasi-threads@npm:1.2.1":
  version: 1.2.1
  resolution: "@emnapi/wasi-threads@npm:1.2.1"
  dependencies:
    tslib: "npm:^2.4.0"
  checksum: 10c0/32fcfa81ab396533b2ec1f4082b1ff779a05d9c836bbbd3f4398405b0e6814c0d9503b7993130e37bc6941dbc1ded49f55e9700ae9ca4e803bab2b5bc5deb331
  languageName: node
  linkType: hard

"@napi-rs/wasm-runtime@npm:^1.1.4":
  version: 1.1.5
  resolution: "@napi-rs/wasm-runtime@npm:1.1.5"
  dependencies:
    "@tybys/wasm-util": "npm:^0.10.2"
  peerDependencies:
    "@emnapi/core": ^1.7.1
    "@emnapi/runtime": ^1.7.1
  checksum: 10c0/727f2b6ae0e68bbe5d39aeb68aa6f183314e9f03dc50bb55a962849535b2db53ecc3fbf1554d8656a54488a608df5a2634670595cf5874dc4af2ee59f817c65d
  languageName: node
  linkType: hard

"@oxc-parser/binding-android-arm-eabi@npm:0.133.0":
  version: 0.133.0
  resolution: "@oxc-parser/binding-android-arm-eabi@npm:0.133.0"
  conditions: os=android & cpu=arm
  languageName: node
  linkType: hard

"@oxc-parser/binding-android-arm64@npm:0.133.0":
  version: 0.133.0
  resolution: "@oxc-parser/binding-android-arm64@npm:0.133.0"
  conditions: os=android & cpu=arm64
  languageName: node
  linkType: hard

"@oxc-parser/binding-darwin-arm64@npm:0.133.0":
  version: 0.133.0
  resolution: "@oxc-parser/binding-darwin-arm64@npm:0.133.0"
  conditions: os=darwin & cpu=arm64
  languageName: node
  linkType: hard

"@oxc-parser/binding-darwin-x64@npm:0.133.0":
  version: 0.133.0
  resolution: "@oxc-parser/binding-darwin-x64@npm:0.133.0"
  conditions: os=darwin & cpu=x64
  languageName: node
  linkType: hard

"@oxc-parser/binding-freebsd-x64@npm:0.133.0":
  version: 0.133.0
  resolution: "@oxc-parser/binding-freebsd-x64@npm:0.133.0"
  conditions: os=freebsd & cpu=x64
  languageName: node
  linkType: hard

"@oxc-parser/binding-linux-arm-gnueabihf@npm:0.133.0":
  version: 0.133.0
  resolution: "@oxc-parser/binding-linux-arm-gnueabihf@npm:0.133.0"
  conditions: os=linux & cpu=arm
  languageName: node
  linkType: hard

"@oxc-parser/binding-linux-arm-musleabihf@npm:0.133.0":
  version: 0.133.0
  resolution: "@oxc-parser/binding-linux-arm-musleabihf@npm:0.133.0"
  conditions: os=linux & cpu=arm
  languageName: node
  linkType: hard

"@oxc-parser/binding-linux-arm64-gnu@npm:0.133.0":
  version: 0.133.0
  resolution: "@oxc-parser/binding-linux-arm64-gnu@npm:0.133.0"
  conditions: os=linux & cpu=arm64 & libc=glibc
  languageName: node
  linkType: hard

"@oxc-parser/binding-linux-arm64-musl@npm:0.133.0":
  version: 0.133.0
  resolution: "@oxc-parser/binding-linux-arm64-musl@npm:0.133.0"
  conditions: os=linux & cpu=arm64 & libc=musl
  languageName: node
  linkType: hard

"@oxc-parser/binding-linux-ppc64-gnu@npm:0.133.0":
  version: 0.133.0
  resolution: "@oxc-parser/binding-linux-ppc64-gnu@npm:0.133.0"
  conditions: os=linux & cpu=ppc64 & libc=glibc
  languageName: node
  linkType: hard

"@oxc-parser/binding-linux-riscv64-gnu@npm:0.133.0":
  version: 0.133.0
  resolution: "@oxc-parser/binding-linux-riscv64-gnu@npm:0.133.0"
  conditions: os=linux & cpu=riscv64 & libc=glibc
  languageName: node
  linkType: hard

"@oxc-parser/binding-linux-riscv64-musl@npm:0.133.0":
  version: 0.133.0
  resolution: "@oxc-parser/binding-linux-riscv64-musl@npm:0.133.0"
  conditions: os=linux & cpu=riscv64 & libc=musl
  languageName: node
  linkType: hard

"@oxc-parser/binding-linux-s390x-gnu@npm:0.133.0":
  version: 0.133.0
  resolution: "@oxc-parser/binding-linux-s390x-gnu@npm:0.133.0"
  conditions: os=linux & cpu=s390x & libc=glibc
  languageName: node
  linkType: hard

"@oxc-parser/binding-linux-x64-gnu@npm:0.133.0":
  version: 0.133.0
  resolution: "@oxc-parser/binding-linux-x64-gnu@npm:0.133.0"
  conditions: os=linux & cpu=x64 & libc=glibc
  languageName: node
  linkType: hard

"@oxc-parser/binding-linux-x64-musl@npm:0.133.0":
  version: 0.133.0
  resolution: "@oxc-parser/binding-linux-x64-musl@npm:0.133.0"
  conditions: os=linux & cpu=x64 & libc=musl
  languageName: node
  linkType: hard

"@oxc-parser/binding-openharmony-arm64@npm:0.133.0":
  version: 0.133.0
  resolution: "@oxc-parser/binding-openharmony-arm64@npm:0.133.0"
  conditions: os=openharmony & cpu=arm64
  languageName: node
  linkType: hard

"@oxc-parser/binding-wasm32-wasi@npm:0.133.0":
  version: 0.133.0
  resolution: "@oxc-parser/binding-wasm32-wasi@npm:0.133.0"
  dependencies:
    "@emnapi/core": "npm:1.10.0"
    "@emnapi/runtime": "npm:1.10.0"
    "@napi-rs/wasm-runtime": "npm:^1.1.4"
  conditions: cpu=wasm32
  languageName: node
  linkType: hard

"@oxc-parser/binding-win32-arm64-msvc@npm:0.133.0":
  version: 0.133.0
  resolution: "@oxc-parser/binding-win32-arm64-msvc@npm:0.133.0"
  conditions: os=win32 & cpu=arm64
  languageName: node
  linkType: hard

"@oxc-parser/binding-win32-ia32-msvc@npm:0.133.0":
  version: 0.133.0
  resolution: "@oxc-parser/binding-win32-ia32-msvc@npm:0.133.0"
  conditions: os=win32 & cpu=ia32
  languageName: node
  linkType: hard

"@oxc-parser/binding-win32-x64-msvc@npm:0.133.0":
  version: 0.133.0
  resolution: "@oxc-parser/binding-win32-x64-msvc@npm:0.133.0"
  conditions: os=win32 & cpu=x64
  languageName: node
  linkType: hard

"@oxc-project/types@npm:^0.133.0":
  version: 0.133.0
  resolution: "@oxc-project/types@npm:0.133.0"
  checksum: 10c0/70c57ba58644f7ec217b670c301801f4d06995f4ccdba6b2bd106ea3e5ee49d616573e6ef8d55530b87571a960696543687f3850e87ad173d3f88965c30cdd63
  languageName: node
  linkType: hard

"@oxc-resolver/binding-android-arm-eabi@npm:11.20.0":
  version: 11.20.0
  resolution: "@oxc-resolver/binding-android-arm-eabi@npm:11.20.0"
  conditions: os=android & cpu=arm
  languageName: node
  linkType: hard

"@oxc-resolver/binding-android-arm64@npm:11.20.0":
  version: 11.20.0
  resolution: "@oxc-resolver/binding-android-arm64@npm:11.20.0"
  conditions: os=android & cpu=arm64
  languageName: node
  linkType: hard

"@oxc-resolver/binding-darwin-arm64@npm:11.20.0":
  version: 11.20.0
  resolution: "@oxc-resolver/binding-darwin-arm64@npm:11.20.0"
  conditions: os=darwin & cpu=arm64
  languageName: node
  linkType: hard

"@oxc-resolver/binding-darwin-x64@npm:11.20.0":
  version: 11.20.0
  resolution: "@oxc-resolver/binding-darwin-x64@npm:11.20.0"
  conditions: os=darwin & cpu=x64
  languageName: node
  linkType: hard

"@oxc-resolver/binding-freebsd-x64@npm:11.20.0":
  version: 11.20.0
  resolution: "@oxc-resolver/binding-freebsd-x64@npm:11.20.0"
  conditions: os=freebsd & cpu=x64
  languageName: node
  linkType: hard

"@oxc-resolver/binding-linux-arm-gnueabihf@npm:11.20.0":
  version: 11.20.0
  resolution: "@oxc-resolver/binding-linux-arm-gnueabihf@npm:11.20.0"
  conditions: os=linux & cpu=arm
  languageName: node
  linkType: hard

"@oxc-resolver/binding-linux-arm-musleabihf@npm:11.20.0":
  version: 11.20.0
  resolution: "@oxc-resolver/binding-linux-arm-musleabihf@npm:11.20.0"
  conditions: os=linux & cpu=arm
  languageName: node
  linkType: hard

"@oxc-resolver/binding-linux-arm64-gnu@npm:11.20.0":
  version: 11.20.0
  resolution: "@oxc-resolver/binding-linux-arm64-gnu@npm:11.20.0"
  conditions: os=linux & cpu=arm64 & libc=glibc
  languageName: node
  linkType: hard

"@oxc-resolver/binding-linux-arm64-musl@npm:11.20.0":
  version: 11.20.0
  resolution: "@oxc-resolver/binding-linux-arm64-musl@npm:11.20.0"
  conditions: os=linux & cpu=arm64 & libc=musl
  languageName: node
  linkType: hard

"@oxc-resolver/binding-linux-ppc64-gnu@npm:11.20.0":
  version: 11.20.0
  resolution: "@oxc-resolver/binding-linux-ppc64-gnu@npm:11.20.0"
  conditions: os=linux & cpu=ppc64 & libc=glibc
  languageName: node
  linkType: hard

"@oxc-resolver/binding-linux-riscv64-gnu@npm:11.20.0":
  version: 11.20.0
  resolution: "@oxc-resolver/binding-linux-riscv64-gnu@npm:11.20.0"
  conditions: os=linux & cpu=riscv64 & libc=glibc
  languageName: node
  linkType: hard

"@oxc-resolver/binding-linux-riscv64-musl@npm:11.20.0":
  version: 11.20.0
  resolution: "@oxc-resolver/binding-linux-riscv64-musl@npm:11.20.0"
  conditions: os=linux & cpu=riscv64 & libc=musl
  languageName: node
  linkType: hard

"@oxc-resolver/binding-linux-s390x-gnu@npm:11.20.0":
  version: 11.20.0
  resolution: "@oxc-resolver/binding-linux-s390x-gnu@npm:11.20.0"
  conditions: os=linux & cpu=s390x & libc=glibc
  languageName: node
  linkType: hard

"@oxc-resolver/binding-linux-x64-gnu@npm:11.20.0":
  version: 11.20.0
  resolution: "@oxc-resolver/binding-linux-x64-gnu@npm:11.20.0"
  conditions: os=linux & cpu=x64 & libc=glibc
  languageName: node
  linkType: hard

"@oxc-resolver/binding-linux-x64-musl@npm:11.20.0":
  version: 11.20.0
  resolution: "@oxc-resolver/binding-linux-x64-musl@npm:11.20.0"
  conditions: os=linux & cpu=x64 & libc=musl
  languageName: node
  linkType: hard

"@oxc-resolver/binding-openharmony-arm64@npm:11.20.0":
  version: 11.20.0
  resolution: "@oxc-resolver/binding-openharmony-arm64@npm:11.20.0"
  conditions: os=openharmony & cpu=arm64
  languageName: node
  linkType: hard

"@oxc-resolver/binding-wasm32-wasi@npm:11.20.0":
  version: 11.20.0
  resolution: "@oxc-resolver/binding-wasm32-wasi@npm:11.20.0"
  dependencies:
    "@emnapi/core": "npm:1.10.0"
    "@emnapi/runtime": "npm:1.10.0"
    "@napi-rs/wasm-runtime": "npm:^1.1.4"
  conditions: cpu=wasm32
  languageName: node
  linkType: hard

"@oxc-resolver/binding-win32-arm64-msvc@npm:11.20.0":
  version: 11.20.0
  resolution: "@oxc-resolver/binding-win32-arm64-msvc@npm:11.20.0"
  conditions: os=win32 & cpu=arm64
  languageName: node
  linkType: hard

"@oxc-resolver/binding-win32-x64-msvc@npm:11.20.0":
  version: 11.20.0
  resolution: "@oxc-resolver/binding-win32-x64-msvc@npm:11.20.0"
  conditions: os=win32 & cpu=x64
  languageName: node
  linkType: hard

"@scope/consumer@workspace:packages/consumer":
  version: 0.0.0-use.local
  resolution: "@scope/consumer@workspace:packages/consumer"
  dependencies:
    knip: "npm:6.16.1"
  languageName: unknown
  linkType: soft

"@scope/fruit@workspace:packages/fruit":
  version: 0.0.0-use.local
  resolution: "@scope/fruit@workspace:packages/fruit"
  languageName: unknown
  linkType: soft

"@tybys/wasm-util@npm:^0.10.2":
  version: 0.10.2
  resolution: "@tybys/wasm-util@npm:0.10.2"
  dependencies:
    tslib: "npm:^2.4.0"
  checksum: 10c0/26165bcd1fd7269f42d7fbe3de318f854a8968de8397e89fc9a423bb3e2da35a52150f382e6323b3367595beb16d9800a6f35971a5599daf76da1742ec3afc25
  languageName: node
  linkType: hard

"fd-package-json@npm:^2.0.0":
  version: 2.0.0
  resolution: "fd-package-json@npm:2.0.0"
  dependencies:
    walk-up-path: "npm:^4.0.0"
  checksum: 10c0/a0a48745257bc09c939486608dad9f2ced238f0c64266222cc881618ed4c8f6aa0ccfe45a1e6d4f9ce828509e8d617cec60e2a114851bebb1ff4886dc5ed5112
  languageName: node
  linkType: hard

"fdir@npm:^6.5.0":
  version: 6.5.0
  resolution: "fdir@npm:6.5.0"
  peerDependencies:
    picomatch: ^3 || ^4
  peerDependenciesMeta:
    picomatch:
      optional: true
  checksum: 10c0/e345083c4306b3aed6cb8ec551e26c36bab5c511e99ea4576a16750ddc8d3240e63826cc624f5ae17ad4dc82e68a253213b60d556c11bfad064b7607847ed07f
  languageName: node
  linkType: hard

"formatly@npm:^0.3.0":
  version: 0.3.0
  resolution: "formatly@npm:0.3.0"
  dependencies:
    fd-package-json: "npm:^2.0.0"
  bin:
    formatly: bin/index.mjs
  checksum: 10c0/ef9dbd3cdaee649e9604ea060d8d62d8131eb81117634336592ee2193fc7c98a3f1f1b5d09a045dbd36287ba88edf868ef179d39fbda2f34fbe2be70c42dd014
  languageName: node
  linkType: hard

"get-tsconfig@npm:4.14.0":
  version: 4.14.0
  resolution: "get-tsconfig@npm:4.14.0"
  dependencies:
    resolve-pkg-maps: "npm:^1.0.0"
  checksum: 10c0/abc2b9275468eb589079a0b7a95eb5107c14fdd0ca6dda1bff116fe774ea1f79975421dcb22a0c86b4f820fcc69a7655dddf9b6d6a8a2c06fcb59e19794c0724
  languageName: node
  linkType: hard

"jiti@npm:^2.7.0":
  version: 2.7.0
  resolution: "jiti@npm:2.7.0"
  bin:
    jiti: lib/jiti-cli.mjs
  checksum: 10c0/1b1e2310a490dce1aeea3da5f5dfe18273516c20ce48be2e98eb8ea452d5f3dcc8fd0cfd6d28b4052a24c5dbab6e3089b2d7e79f0bce7915b10d750929563c42
  languageName: node
  linkType: hard

"knip@npm:6.16.1":
  version: 6.16.1
  resolution: "knip@npm:6.16.1"
  dependencies:
    fdir: "npm:^6.5.0"
    formatly: "npm:^0.3.0"
    get-tsconfig: "npm:4.14.0"
    jiti: "npm:^2.7.0"
    oxc-parser: "npm:^0.133.0"
    oxc-resolver: "npm:^11.20.0"
    picomatch: "npm:^4.0.4"
    smol-toml: "npm:^1.6.1"
    strip-json-comments: "npm:5.0.3"
    tinyglobby: "npm:^0.2.16"
    unbash: "npm:^3.0.0"
    yaml: "npm:^2.9.0"
    zod: "npm:^4.1.11"
  bin:
    knip: bin/knip.js
    knip-bun: bin/knip-bun.js
  checksum: 10c0/b723ee43f2a5170d5330d3d6cbd54452620ca76e2bffc11d8c8615d5f42c3aa60e9f7763f768210c0b97babff046df668479cb7f4ca78e3e7a8312ef12530370
  languageName: node
  linkType: hard

"oxc-parser@npm:^0.133.0":
  version: 0.133.0
  resolution: "oxc-parser@npm:0.133.0"
  dependencies:
    "@oxc-parser/binding-android-arm-eabi": "npm:0.133.0"
    "@oxc-parser/binding-android-arm64": "npm:0.133.0"
    "@oxc-parser/binding-darwin-arm64": "npm:0.133.0"
    "@oxc-parser/binding-darwin-x64": "npm:0.133.0"
    "@oxc-parser/binding-freebsd-x64": "npm:0.133.0"
    "@oxc-parser/binding-linux-arm-gnueabihf": "npm:0.133.0"
    "@oxc-parser/binding-linux-arm-musleabihf": "npm:0.133.0"
    "@oxc-parser/binding-linux-arm64-gnu": "npm:0.133.0"
    "@oxc-parser/binding-linux-arm64-musl": "npm:0.133.0"
    "@oxc-parser/binding-linux-ppc64-gnu": "npm:0.133.0"
    "@oxc-parser/binding-linux-riscv64-gnu": "npm:0.133.0"
    "@oxc-parser/binding-linux-riscv64-musl": "npm:0.133.0"
    "@oxc-parser/binding-linux-s390x-gnu": "npm:0.133.0"
    "@oxc-parser/binding-linux-x64-gnu": "npm:0.133.0"
    "@oxc-parser/binding-linux-x64-musl": "npm:0.133.0"
    "@oxc-parser/binding-openharmony-arm64": "npm:0.133.0"
    "@oxc-parser/binding-wasm32-wasi": "npm:0.133.0"
    "@oxc-parser/binding-win32-arm64-msvc": "npm:0.133.0"
    "@oxc-parser/binding-win32-ia32-msvc": "npm:0.133.0"
    "@oxc-parser/binding-win32-x64-msvc": "npm:0.133.0"
    "@oxc-project/types": "npm:^0.133.0"
  dependenciesMeta:
    "@oxc-parser/binding-android-arm-eabi":
      optional: true
    "@oxc-parser/binding-android-arm64":
      optional: true
    "@oxc-parser/binding-darwin-arm64":
      optional: true
    "@oxc-parser/binding-darwin-x64":
      optional: true
    "@oxc-parser/binding-freebsd-x64":
      optional: true
    "@oxc-parser/binding-linux-arm-gnueabihf":
      optional: true
    "@oxc-parser/binding-linux-arm-musleabihf":
      optional: true
    "@oxc-parser/binding-linux-arm64-gnu":
      optional: true
    "@oxc-parser/binding-linux-arm64-musl":
      optional: true
    "@oxc-parser/binding-linux-ppc64-gnu":
      optional: true
    "@oxc-parser/binding-linux-riscv64-gnu":
      optional: true
    "@oxc-parser/binding-linux-riscv64-musl":
      optional: true
    "@oxc-parser/binding-linux-s390x-gnu":
      optional: true
    "@oxc-parser/binding-linux-x64-gnu":
      optional: true
    "@oxc-parser/binding-linux-x64-musl":
      optional: true
    "@oxc-parser/binding-openharmony-arm64":
      optional: true
    "@oxc-parser/binding-wasm32-wasi":
      optional: true
    "@oxc-parser/binding-win32-arm64-msvc":
      optional: true
    "@oxc-parser/binding-win32-ia32-msvc":
      optional: true
    "@oxc-parser/binding-win32-x64-msvc":
      optional: true
  checksum: 10c0/62d4ce93d819d47d4a295744bb3966c66b658bb33f35f6ebc0650ba854d6b070e62baa6f933366f45dc65983a77be9527ed15cacc0f532a252f2e049623c4ce2
  languageName: node
  linkType: hard

"oxc-resolver@npm:^11.20.0":
  version: 11.20.0
  resolution: "oxc-resolver@npm:11.20.0"
  dependencies:
    "@oxc-resolver/binding-android-arm-eabi": "npm:11.20.0"
    "@oxc-resolver/binding-android-arm64": "npm:11.20.0"
    "@oxc-resolver/binding-darwin-arm64": "npm:11.20.0"
    "@oxc-resolver/binding-darwin-x64": "npm:11.20.0"
    "@oxc-resolver/binding-freebsd-x64": "npm:11.20.0"
    "@oxc-resolver/binding-linux-arm-gnueabihf": "npm:11.20.0"
    "@oxc-resolver/binding-linux-arm-musleabihf": "npm:11.20.0"
    "@oxc-resolver/binding-linux-arm64-gnu": "npm:11.20.0"
    "@oxc-resolver/binding-linux-arm64-musl": "npm:11.20.0"
    "@oxc-resolver/binding-linux-ppc64-gnu": "npm:11.20.0"
    "@oxc-resolver/binding-linux-riscv64-gnu": "npm:11.20.0"
    "@oxc-resolver/binding-linux-riscv64-musl": "npm:11.20.0"
    "@oxc-resolver/binding-linux-s390x-gnu": "npm:11.20.0"
    "@oxc-resolver/binding-linux-x64-gnu": "npm:11.20.0"
    "@oxc-resolver/binding-linux-x64-musl": "npm:11.20.0"
    "@oxc-resolver/binding-openharmony-arm64": "npm:11.20.0"
    "@oxc-resolver/binding-wasm32-wasi": "npm:11.20.0"
    "@oxc-resolver/binding-win32-arm64-msvc": "npm:11.20.0"
    "@oxc-resolver/binding-win32-x64-msvc": "npm:11.20.0"
  dependenciesMeta:
    "@oxc-resolver/binding-android-arm-eabi":
      optional: true
    "@oxc-resolver/binding-android-arm64":
      optional: true
    "@oxc-resolver/binding-darwin-arm64":
      optional: true
    "@oxc-resolver/binding-darwin-x64":
      optional: true
    "@oxc-resolver/binding-freebsd-x64":
      optional: true
    "@oxc-resolver/binding-linux-arm-gnueabihf":
      optional: true
    "@oxc-resolver/binding-linux-arm-musleabihf":
      optional: true
    "@oxc-resolver/binding-linux-arm64-gnu":
      optional: true
    "@oxc-resolver/binding-linux-arm64-musl":
      optional: true
    "@oxc-resolver/binding-linux-ppc64-gnu":
      optional: true
    "@oxc-resolver/binding-linux-riscv64-gnu":
      optional: true
    "@oxc-resolver/binding-linux-riscv64-musl":
      optional: true
    "@oxc-resolver/binding-linux-s390x-gnu":
      optional: true
    "@oxc-resolver/binding-linux-x64-gnu":
      optional: true
    "@oxc-resolver/binding-linux-x64-musl":
      optional: true
    "@oxc-resolver/binding-openharmony-arm64":
      optional: true
    "@oxc-resolver/binding-wasm32-wasi":
      optional: true
    "@oxc-resolver/binding-win32-arm64-msvc":
      optional: true
    "@oxc-resolver/binding-win32-x64-msvc":
      optional: true
  checksum: 10c0/4a0b0fae7a8b8a25d5173aaeb7348c53d5f60d5bb37a66c3177dcf416319d1f7065b625afa37b924a288dec5b401ba92b003cbce26b91e6631bd8690052c80de
  languageName: node
  linkType: hard

"picomatch@npm:^4.0.4":
  version: 4.0.4
  resolution: "picomatch@npm:4.0.4"
  checksum: 10c0/e2c6023372cc7b5764719a5ffb9da0f8e781212fa7ca4bd0562db929df8e117460f00dff3cb7509dacfc06b86de924b247f504d0ce1806a37fac4633081466b0
  languageName: node
  linkType: hard

"playground-knip-undetected-dependency-bug@workspace:.":
  version: 0.0.0-use.local
  resolution: "playground-knip-undetected-dependency-bug@workspace:."
  dependencies:
    knip: "npm:6.16.1"
  languageName: unknown
  linkType: soft

"resolve-pkg-maps@npm:^1.0.0":
  version: 1.0.0
  resolution: "resolve-pkg-maps@npm:1.0.0"
  checksum: 10c0/fb8f7bbe2ca281a73b7ef423a1cbc786fb244bd7a95cbe5c3fba25b27d327150beca8ba02f622baea65919a57e061eb5005204daa5f93ed590d9b77463a567ab
  languageName: node
  linkType: hard

"smol-toml@npm:^1.6.1":
  version: 1.6.1
  resolution: "smol-toml@npm:1.6.1"
  checksum: 10c0/511a78722f99c7616fdb46af708de3d7e81434b5a3d58061166da73f28bfc6cae4f0cd04683f60515b9c490cd10152fce72287c960b337419c0299cc1f0f2a22
  languageName: node
  linkType: hard

"strip-json-comments@npm:5.0.3":
  version: 5.0.3
  resolution: "strip-json-comments@npm:5.0.3"
  checksum: 10c0/daaf20b29f69fb51112698f4a9a662490dbb78d5baf6127c75a0a83c2ac6c078a8c0f74b389ad5e0519d6fc359c4a57cb9971b1ae201aef62ce45a13247791e0
  languageName: node
  linkType: hard

"tinyglobby@npm:^0.2.16":
  version: 0.2.17
  resolution: "tinyglobby@npm:0.2.17"
  dependencies:
    fdir: "npm:^6.5.0"
    picomatch: "npm:^4.0.4"
  checksum: 10c0/7f7bb0f197c88bc4b20c231e0deca4240ca3bf313a88f5a7fee93a872b84966a4d50220947c0455ad07a60b3b360961c5b7fd979222aeb716a9f99b412002e4c
  languageName: node
  linkType: hard

"tslib@npm:^2.4.0":
  version: 2.8.1
  resolution: "tslib@npm:2.8.1"
  checksum: 10c0/9c4759110a19c53f992d9aae23aac5ced636e99887b51b9e61def52611732872ff7668757d4e4c61f19691e36f4da981cd9485e869b4a7408d689f6bf1f14e62
  languageName: node
  linkType: hard

"unbash@npm:^3.0.0":
  version: 3.0.0
  resolution: "unbash@npm:3.0.0"
  checksum: 10c0/8d237237805c8d23a6a7ba9ba1dac612b79431f2458aaa7975c472eba9f429991e46417fd8cdb14c1ad88adffbc0b914d0556ad5978bc42bbd2fa9b0942a4f91
  languageName: node
  linkType: hard

"walk-up-path@npm:^4.0.0":
  version: 4.0.0
  resolution: "walk-up-path@npm:4.0.0"
  checksum: 10c0/fabe344f91387d1d41df230af962ef18bf703dd4178006d55cd6412caacd187b54440002d4d53a982d4f7f0455567dcffb6d3884533c8b2268928eca3ebd8a19
  languageName: node
  linkType: hard

"yaml@npm:^2.9.0":
  version: 2.9.0
  resolution: "yaml@npm:2.9.0"
  bin:
    yaml: bin.mjs
  checksum: 10c0/f340718df45e97a9551b9bf9dac61c80050bc464513b710debfb5067c380c8472e3b67809cffacb4ab5ffb5e66ef9310816c88b05f371cec60abfedd8c88e0a2
  languageName: node
  linkType: hard

"zod@npm:^4.1.11":
  version: 4.4.3
  resolution: "zod@npm:4.4.3"
  checksum: 10c0/7ea31b558e88f9faf44f31dd185e2e1cbf51fed3081787fb96cc2534749b50c0acfc6da7f0922a7353ed092dd358c7d50c28ea96c94d04af64191bd33152eca3
  languageName: node
  linkType: hard
